
Microsoft Visual Studio Solution File, Format Version 12.00
# Visual Studio Version 16
VisualStudioVersion = 16.0.29006.145
MinimumVisualStudioVersion = 10.0.40219.1
Project("{FAE04EC0-301F-11D3-BF4B-00C04F79EFBC}") = "PartyPanel", "PartyPanel\PartyPanel.csproj", "{4B165F47-AEAE-4380-B512-CA16A274FC99}"
EndProject
Project("{FAE04EC0-301F-11D3-BF4B-00C04F79EFBC}") = "PartyPanelUI", "PartyPanelUI\PartyPanelUI.csproj", "{11030FEE-9C56-4AEC-BA5F-2D7CB0EBF852}"
EndProject
Global
	GlobalSection(SolutionConfigurationPlatforms) = preSolution
		Debug|Any CPU = Debug|Any CPU
		Release|Any CPU = Release|Any CPU
	EndGlobalSection
	GlobalSection(ProjectConfigurationPlatforms) = postSolution
		{4B165F47-AEAE-4380-B512-CA16A274FC99}.Debug|Any CPU.ActiveCfg = Debug|Any CPU
		{4B165F47-AEAE-4380-B512-CA16A274FC99}.Debug|Any CPU.Build.0 = Debug|Any CPU
		{4B165F47-AEAE-4380-B512-CA16A274FC99}.Release|Any CPU.ActiveCfg = Release|Any CPU
		{4B165F47-AEAE-4380-B512-CA16A274FC99}.Release|Any CPU.Build.0 = Release|Any CPU
		{11030FEE-9C56-4AEC-BA5F-2D7CB0EBF852}.Debug|Any CPU.ActiveCfg = Debug|Any CPU
		{11030FEE-9C56-4AEC-BA5F-2D7CB0EBF852}.Debug|Any CPU.Build.0 = Debug|Any CPU
		{11030FEE-9C56-4AEC-BA5F-2D7CB0EBF852}.Release|Any CPU.ActiveCfg = Release|Any CPU
		{11030FEE-9C56-4AEC-BA5F-2D7CB0EBF852}.Release|Any CPU.Build.0 = Release|Any CPU
	EndGlobalSection
	GlobalSection(SolutionProperties) = preSolution
		HideSolutionNode = FALSE
	EndGlobalSection
	GlobalSection(ExtensibilityGlobals) = postSolution
		SolutionGuid = {1A145B10-FEA3-40BC-88AA-08B22298116A}
	EndGlobalSection
EndGlobal
